// !$*UTF8*$!
{
	archiveVersion = 1;
	classes = {
	};
	objectVersion = 46;
	objects = {

/* Begin PBXBuildFile section */
		E9D8FB3F1B8B5CAB005419D7 /* AppDelegate.swift in Sources */ = {isa = PBXBuildFile; fileRef = E9D8FB3E1B8B5CAB005419D7 /* AppDelegate.swift */; };
		E9D8FB411B8B5CAB005419D7 /* ViewController.swift in Sources */ = {isa = PBXBuildFile; fileRef = E9D8FB401B8B5CAB005419D7 /* ViewController.swift */; };
		E9D8FB441B8B5CAB005419D7 /* Main.storyboard in Resources */ = {isa = PBXBuildFile; fileRef = E9D8FB421B8B5CAB005419D7 /* Main.storyboard */; };
		E9D8FB471B8B5CAB005419D7 /* ExerciseSwift.xcdatamodeld in Sources */ = {isa = PBXBuildFile; fileRef = E9D8FB451B8B5CAB005419D7 /* ExerciseSwift.xcdatamodeld */; };
		E9D8FB491B8B5CAB005419D7 /* Assets.xcassets in Resources */ = {isa = PBXBuildFile; fileRef = E9D8FB481B8B5CAB005419D7 /* Assets.xcassets */; };
		E9D8FB4C1B8B5CAB005419D7 /* LaunchScreen.storyboard in Resources */ = {isa = PBXBuildFile; fileRef = E9D8FB4A1B8B5CAB005419D7 /* LaunchScreen.storyboard */; };
		E9D8FB571B8B5CAB005419D7 /* ExerciseSwiftTests.swift in Sources */ = {isa = PBXBuildFile; fileRef = E9D8FB561B8B5CAB005419D7 /* ExerciseSwiftTests.swift */; };
		E9D8FB621B8B5CAB005419D7 /* ExerciseSwiftUITests.swift in Sources */ = {isa = PBXBuildFile; fileRef = E9D8FB611B8B5CAB005419D7 /* ExerciseSwiftUITests.swift */; };
		E9D8FB701B8B5D1D005419D7 /* TableViewController.swift in Sources */ = {isa = PBXBuildFile; fileRef = E9D8FB6F1B8B5D1D005419D7 /* TableViewController.swift */; };
		E9D8FB721B8B6033005419D7 /* ArrayViewController.swift in Sources */ = {isa = PBXBuildFile; fileRef = E9D8FB711B8B6033005419D7 /* ArrayViewController.swift */; };
/* End PBXBuildFile section */

/* Begin PBXContainerItemProxy section */
		E9D8FB531B8B5CAB005419D7 /* PBXContainerItemProxy */ = {
			isa = PBXContainerItemProxy;
			containerPortal = E9D8FB331B8B5CAB005419D7 /* Project object */;
			proxyType = 1;
			remoteGlobalIDString = E9D8FB3A1B8B5CAB005419D7;
			remoteInfo = ExerciseSwift;
		};
		E9D8FB5E1B8B5CAB005419D7 /* PBXContainerItemProxy */ = {
			isa = PBXContainerItemProxy;
			containerPortal = E9D8FB331B8B5CAB005419D7 /* Project object */;
			proxyType = 1;
			remoteGlobalIDString = E9D8FB3A1B8B5CAB005419D7;
			remoteInfo = ExerciseSwift;
		};
/* End PBXContainerItemProxy section */

/* Begin PBXFileReference section */
		E9D8FB3B1B8B5CAB005419D7 /* ExerciseSwift.app */ = {isa = PBXFileReference; explicitFileType = wrapper.application; includeInIndex = 0; path = ExerciseSwift.app; sourceTree = BUILT_PRODUCTS_DIR; };
		E9D8FB3E1B8B5CAB005419D7 /* AppDelegate.swift */ = {isa = PBXFileReference; lastKnownFileType = sourcecode.swift; path = AppDelegate.swift; sourceTree = "<group>"; };
		E9D8FB401B8B5CAB005419D7 /* ViewController.swift */ = {isa = PBXFileReference; lastKnownFileType = sourcecode.swift; path = ViewController.swift; sourceTree = "<group>"; };
		E9D8FB431B8B5CAB005419D7 /* Base */ = {isa = PBXFileReference; lastKnownFileType = file.storyboard; name = Base; path = Base.lproj/Main.storyboard; sourceTree = "<group>"; };
		E9D8FB461B8B5CAB005419D7 /* ExerciseSwift.xcdatamodel */ = {isa = PBXFileReference; lastKnownFileType = wrapper.xcdatamodel; path = ExerciseSwift.xcdatamodel; sourceTree = "<group>"; };
		E9D8FB481B8B5CAB005419D7 /* Assets.xcassets */ = {isa = PBXFileReference; lastKnownFileType = folder.assetcatalog; path = Assets.xcassets; sourceTree = "<group>"; };
		E9D8FB4B1B8B5CAB005419D7 /* Base */ = {isa = PBXFileReference; lastKnownFileType = file.storyboard; name = Base; path = Base.lproj/LaunchScreen.storyboard; sourceTree = "<group>"; };
		E9D8FB4D1B8B5CAB005419D7 /* Info.plist */ = {isa = PBXFileReference; lastKnownFileType = text.plist.xml; path = Info.plist; sourceTree = "<group>"; };
		E9D8FB521B8B5CAB005419D7 /* ExerciseSwiftTests.xctest */ = {isa = PBXFileReference; explicitFileType = wrapper.cfbundle; includeInIndex = 0; path = ExerciseSwiftTests.xctest; sourceTree = BUILT_PRODUCTS_DIR; };
		E9D8FB561B8B5CAB005419D7 /* ExerciseSwiftTests.swift */ = {isa = PBXFileReference; lastKnownFileType = sourcecode.swift; path = ExerciseSwiftTests.swift; sourceTree = "<group>"; };
		E9D8FB581B8B5CAB005419D7 /* Info.plist */ = {isa = PBXFileReference; lastKnownFileType = text.plist.xml; path = Info.plist; sourceTree = "<group>"; };
		E9D8FB5D1B8B5CAB005419D7 /* ExerciseSwiftUITests.xctest */ = {isa = PBXFileReference; explicitFileType = wrapper.cfbundle; includeInIndex = 0; path = ExerciseSwiftUITests.xctest; sourceTree = BUILT_PRODUCTS_DIR; };
		E9D8FB611B8B5CAB005419D7 /* ExerciseSwiftUITests.swift */ = {isa = PBXFileReference; lastKnownFileType = sourcecode.swift; path = ExerciseSwiftUITests.swift; sourceTree = "<group>"; };
		E9D8FB631B8B5CAB005419D7 /* Info.plist */ = {isa = PBXFileReference; lastKnownFileType = text.plist.xml; path = Info.plist; sourceTree = "<group>"; };
		E9D8FB6F1B8B5D1D005419D7 /* TableViewController.swift */ = {isa = PBXFileReference; fileEncoding = 4; lastKnownFileType = sourcecode.swift; path = TableViewController.swift; sourceTree = "<group>"; };
		E9D8FB711B8B6033005419D7 /* ArrayViewController.swift */ = {isa = PBXFileReference; fileEncoding = 4; lastKnownFileType = sourcecode.swift; path = ArrayViewController.swift; sourceTree = "<group>"; };
/* End PBXFileReference section */

/* Begin PBXFrameworksBuildPhase section */
		E9D8FB381B8B5CAB005419D7 /* Frameworks */ = {
			isa = PBXFrameworksBuildPhase;
			buildActionMask = 2147483647;
			files = (
			);
			runOnlyForDeploymentPostprocessing = 0;
		};
		E9D8FB4F1B8B5CAB005419D7 /* Frameworks */ = {
			isa = PBXFrameworksBuildPhase;
			buildActionMask = 2147483647;
			files = (
			);
			runOnlyForDeploymentPostprocessing = 0;
		};
		E9D8FB5A1B8B5CAB005419D7 /* Frameworks */ = {
			isa = PBXFrameworksBuildPhase;
			buildActionMask = 2147483647;
			files = (
			);
			runOnlyForDeploymentPostprocessing = 0;
		};
/* End PBXFrameworksBuildPhase section */

/* Begin PBXGroup section */
		E9D8FB321B8B5CAB005419D7 = {
			isa = PBXGroup;
			children = (
				E9D8FB3D1B8B5CAB005419D7 /* ExerciseSwift */,
				E9D8FB551B8B5CAB005419D7 /* ExerciseSwiftTests */,
				E9D8FB601B8B5CAB005419D7 /* ExerciseSwiftUITests */,
				E9D8FB3C1B8B5CAB005419D7 /* Products */,
			);
			sourceTree = "<group>";
		};
		E9D8FB3C1B8B5CAB005419D7 /* Products */ = {
			isa = PBXGroup;
			children = (
				E9D8FB3B1B8B5CAB005419D7 /* ExerciseSwift.app */,
				E9D8FB521B8B5CAB005419D7 /* ExerciseSwiftTests.xctest */,
				E9D8FB5D1B8B5CAB005419D7 /* ExerciseSwiftUITests.xctest */,
			);
			name = Products;
			sourceTree = "<group>";
		};
		E9D8FB3D1B8B5CAB005419D7 /* ExerciseSwift */ = {
			isa = PBXGroup;
			children = (
				E9D8FB3E1B8B5CAB005419D7 /* AppDelegate.swift */,
				E9D8FB401B8B5CAB005419D7 /* ViewController.swift */,
				E9D8FB421B8B5CAB005419D7 /* Main.storyboard */,
				E9D8FB481B8B5CAB005419D7 /* Assets.xcassets */,
				E9D8FB4A1B8B5CAB005419D7 /* LaunchScreen.storyboard */,
				E9D8FB4D1B8B5CAB005419D7 /* Info.plist */,
				E9D8FB451B8B5CAB005419D7 /* ExerciseSwift.xcdatamodeld */,
				E9D8FB6F1B8B5D1D005419D7 /* TableViewController.swift */,
				E9D8FB711B8B6033005419D7 /* ArrayViewController.swift */,
			);
			path = ExerciseSwift;
			sourceTree = "<group>";
		};
		E9D8FB551B8B5CAB005419D7 /* ExerciseSwiftTests */ = {
			isa = PBXGroup;
			children = (
				E9D8FB561B8B5CAB005419D7 /* ExerciseSwiftTests.swift */,
				E9D8FB581B8B5CAB005419D7 /* Info.plist */,
			);
			path = ExerciseSwiftTests;
			sourceTree = "<group>";
		};
		E9D8FB601B8B5CAB005419D7 /* ExerciseSwiftUITests */ = {
			isa = PBXGroup;
			children = (
				E9D8FB611B8B5CAB005419D7 /* ExerciseSwiftUITests.swift */,
				E9D8FB631B8B5CAB005419D7 /* Info.plist */,
			);
			path = ExerciseSwiftUITests;
			sourceTree = "<group>";
		};
/* End PBXGroup section */

/* Begin PBXNativeTarget section */
		E9D8FB3A1B8B5CAB005419D7 /* ExerciseSwift */ = {
			isa = PBXNativeTarget;
			buildConfigurationList = E9D8FB661B8B5CAB005419D7 /* Build configuration list for PBXNativeTarget "ExerciseSwift" */;
			buildPhases = (
				E9D8FB371B8B5CAB005419D7 /* Sources */,
				E9D8FB381B8B5CAB005419D7 /* Frameworks */,
				E9D8FB391B8B5CAB005419D7 /* Resources */,
			);
			buildRules = (
			);
			dependencies = (
			);
			name = ExerciseSwift;
			productName = ExerciseSwift;
			productReference = E9D8FB3B1B8B5CAB005419D7 /* ExerciseSwift.app */;
			productType = "com.apple.product-type.application";
		};
		E9D8FB511B8B5CAB005419D7 /* ExerciseSwiftTests */ = {
			isa = PBXNativeTarget;
			buildConfigurationList = E9D8FB691B8B5CAB005419D7 /* Build configuration list for PBXNativeTarget "ExerciseSwiftTests" */;
			buildPhases = (
				E9D8FB4E1B8B5CAB005419D7 /* Sources */,
				E9D8FB4F1B8B5CAB005419D7 /* Frameworks */,
				E9D8FB501B8B5CAB005419D7 /* Resources */,
			);
			buildRules = (
			);
			dependencies = (
				E9D8FB541B8B5CAB005419D7 /* PBXTargetDependency */,
			);
			name = ExerciseSwiftTests;
			productName = ExerciseSwiftTests;
			productReference = E9D8FB521B8B5CAB005419D7 /* ExerciseSwiftTests.xctest */;
			productType = "com.apple.product-type.bundle.unit-test";
		};
		E9D8FB5C1B8B5CAB005419D7 /* ExerciseSwiftUITests */ = {
			isa = PBXNativeTarget;
			buildConfigurationList = E9D8FB6C1B8B5CAB005419D7 /* Build configuration list for PBXNativeTarget "ExerciseSwiftUITests" */;
			buildPhases = (
				E9D8FB591B8B5CAB005419D7 /* Sources */,
				E9D8FB5A1B8B5CAB005419D7 /* Frameworks */,
				E9D8FB5B1B8B5CAB005419D7 /* Resources */,
			);
			buildRules = (
			);
			dependencies = (
				E9D8FB5F1B8B5CAB005419D7 /* PBXTargetDependency */,
			);
			name = ExerciseSwiftUITests;
			productName = ExerciseSwiftUITests;
			productReference = E9D8FB5D1B8B5CAB005419D7 /* ExerciseSwiftUITests.xctest */;
			productType = "com.apple.product-type.bundle.ui-testing";
		};
/* End PBXNativeTarget section */

/* Begin PBXProject section */
		E9D8FB331B8B5CAB005419D7 /* Project object */ = {
			isa = PBXProject;
			attributes = {
				LastUpgradeCheck = 0700;
				ORGANIZATIONNAME = "이승환";
				TargetAttributes = {
					E9D8FB3A1B8B5CAB005419D7 = {
						CreatedOnToolsVersion = 7.0;
					};
					E9D8FB511B8B5CAB005419D7 = {
						CreatedOnToolsVersion = 7.0;
						TestTargetID = E9D8FB3A1B8B5CAB005419D7;
					};
					E9D8FB5C1B8B5CAB005419D7 = {
						CreatedOnToolsVersion = 7.0;
						TestTargetID = E9D8FB3A1B8B5CAB005419D7;
					};
				};
			};
			buildConfigurationList = E9D8FB361B8B5CAB005419D7 /* Build configuration list for PBXProject "ExerciseSwift" */;
			compatibilityVersion = "Xcode 3.2";
			developmentRegion = English;
			hasScannedForEncodings = 0;
			knownRegions = (
				en,
				Base,
			);
			mainGroup = E9D8FB321B8B5CAB005419D7;
			productRefGroup = E9D8FB3C1B8B5CAB005419D7 /* Products */;
			projectDirPath = "";
			projectRoot = "";
			targets = (
				E9D8FB3A1B8B5CAB005419D7 /* ExerciseSwift */,
				E9D8FB511B8B5CAB005419D7 /* ExerciseSwiftTests */,
				E9D8FB5C1B8B5CAB005419D7 /* ExerciseSwiftUITests */,
			);
		};
/* End PBXProject section */

/* Begin PBXResourcesBuildPhase section */
		E9D8FB391B8B5CAB005419D7 /* Resources */ = {
			isa = PBXResourcesBuildPhase;
			buildActionMask = 2147483647;
			files = (
				E9D8FB4C1B8B5CAB005419D7 /* LaunchScreen.storyboard in Resources */,
				E9D8FB491B8B5CAB005419D7 /* Assets.xcassets in Resources */,
				E9D8FB441B8B5CAB005419D7 /* Main.storyboard in Resources */,
			);
			runOnlyForDeploymentPostprocessing = 0;
		};
		E9D8FB501B8B5CAB005419D7 /* Resources */ = {
			isa = PBXResourcesBuildPhase;
			buildActionMask = 2147483647;
			files = (
			);
			runOnlyForDeploymentPostprocessing = 0;
		};
		E9D8FB5B1B8B5CAB005419D7 /* Resources */ = {
			isa = PBXResourcesBuildPhase;
			buildActionMask = 2147483647;
			files = (
			);
			runOnlyForDeploymentPostprocessing = 0;
		};
/* End PBXResourcesBuildPhase section */

/* Begin PBXSourcesBuildPhase section */
		E9D8FB371B8B5CAB005419D7 /* Sources */ = {
			isa = PBXSourcesBuildPhase;
			buildActionMask = 2147483647;
			files = (
				E9D8FB721B8B6033005419D7 /* ArrayViewController.swift in Sources */,
				E9D8FB411B8B5CAB005419D7 /* ViewController.swift in Sources */,
				E9D8FB471B8B5CAB005419D7 /* ExerciseSwift.xcdatamodeld in Sources */,
				E9D8FB3F1B8B5CAB005419D7 /* AppDelegate.swift in Sources */,
				E9D8FB701B8B5D1D005419D7 /* TableViewController.swift in Sources */,
			);
			runOnlyForDeploymentPostprocessing = 0;
		};
		E9D8FB4E1B8B5CAB005419D7 /* Sources */ = {
			isa = PBXSourcesBuildPhase;
			buildActionMask = 2147483647;
			files = (
				E9D8FB571B8B5CAB005419D7 /* ExerciseSwiftTests.swift in Sources */,
			);
			runOnlyForDeploymentPostprocessing = 0;
		};
		E9D8FB591B8B5CAB005419D7 /* Sources */ = {
			isa = PBXSourcesBuildPhase;
			buildActionMask = 2147483647;
			files = (
				E9D8FB621B8B5CAB005419D7 /* ExerciseSwiftUITests.swift in Sources */,
			);
			runOnlyForDeploymentPostprocessing = 0;
		};
/* End PBXSourcesBuildPhase section */

/* Begin PBXTargetDependency section */
		E9D8FB541B8B5CAB005419D7 /* PBXTargetDependency */ = {
			isa = PBXTargetDependency;
			target = E9D8FB3A1B8B5CAB005419D7 /* ExerciseSwift */;
			targetProxy = E9D8FB531B8B5CAB005419D7 /* PBXContainerItemProxy */;
		};
		E9D8FB5F1B8B5CAB005419D7 /* PBXTargetDependency */ = {
			isa = PBXTargetDependency;
			target = E9D8FB3A1B8B5CAB005419D7 /* ExerciseSwift */;
			targetProxy = E9D8FB5E1B8B5CAB005419D7 /* PBXContainerItemProxy */;
		};
/* End PBXTargetDependency section */

/* Begin PBXVariantGroup section */
		E9D8FB421B8B5CAB005419D7 /* Main.storyboard */ = {
			isa = PBXVariantGroup;
			children = (
				E9D8FB431B8B5CAB005419D7 /* Base */,
			);
			name = Main.storyboard;
			sourceTree = "<group>";
		};
		E9D8FB4A1B8B5CAB005419D7 /* LaunchScreen.storyboard */ = {
			isa = PBXVariantGroup;
			children = (
				E9D8FB4B1B8B5CAB005419D7 /* Base */,
			);
			name = LaunchScreen.storyboard;
			sourceTree = "<group>";
		};
/* End PBXVariantGroup section */

/* Begin XCBuildConfiguration section */
		E9D8FB641B8B5CAB005419D7 /* Debug */ = {
			isa = XCBuildConfiguration;
			buildSettings = {
				ALWAYS_SEARCH_USER_PATHS = NO;
				CLANG_CXX_LANGUAGE_STANDARD = "gnu++0x";
				CLANG_CXX_LIBRARY = "libc++";
				CLANG_ENABLE_MODULES = YES;
				CLANG_ENABLE_OBJC_ARC = YES;
				CLANG_WARN_BOOL_CONVERSION = YES;
				CLANG_WARN_CONSTANT_CONVERSION = YES;
				CLANG_WARN_DIRECT_OBJC_ISA_USAGE = YES_ERROR;
				CLANG_WARN_EMPTY_BODY = YES;
				CLANG_WARN_ENUM_CONVERSION = YES;
				CLANG_WARN_INT_CONVERSION = YES;
				CLANG_WARN_OBJC_ROOT_CLASS = YES_ERROR;
				CLANG_WARN_UNREACHABLE_CODE = YES;
				CLANG_WARN__DUPLICATE_METHOD_MATCH = YES;
				"CODE_SIGN_IDENTITY[sdk=iphoneos*]" = "iPhone Developer";
				COPY_PHASE_STRIP = NO;
				DEBUG_INFORMATION_FORMAT = dwarf;
				ENABLE_STRICT_OBJC_MSGSEND = YES;
				ENABLE_TESTABILITY = YES;
				GCC_C_LANGUAGE_STANDARD = gnu99;
				GCC_DYNAMIC_NO_PIC = NO;
				GCC_NO_COMMON_BLOCKS = YES;
				GCC_OPTIMIZATION_LEVEL = 0;
				GCC_PREPROCESSOR_DEFINITIONS = (
					"DEBUG=1",
					"$(inherited)",
				);
				GCC_WARN_64_TO_32_BIT_CONVERSION = YES;
				GCC_WARN_ABOUT_RETURN_TYPE = YES_ERROR;
				GCC_WARN_UNDECLARED_SELECTOR = YES;
				GCC_WARN_UNINITIALIZED_AUTOS = YES_AGGRESSIVE;
				GCC_WARN_UNUSED_FUNCTION = YES;
				GCC_WARN_UNUSED_VARIABLE = YES;
				IPHONEOS_DEPLOYMENT_TARGET = 9.0;
				MTL_ENABLE_DEBUG_INFO = YES;
				ONLY_ACTIVE_ARCH = YES;
				SDKROOT = iphoneos;
				SWIFT_OPTIMIZATION_LEVEL = "-Onone";
				TARGETED_DEVICE_FAMILY = "1,2";
			};
			name = Debug;
		};
		E9D8FB651B8B5CAB005419D7 /* Release */ = {
			isa = XCBuildConfiguration;
			buildSettings = {
				ALWAYS_SEARCH_USER_PATHS = NO;
				CLANG_CXX_LANGUAGE_STANDARD = "gnu++0x";
				CLANG_CXX_LIBRARY = "libc++";
				CLANG_ENABLE_MODULES = YES;
				CLANG_ENABLE_OBJC_ARC = YES;
				CLANG_WARN_BOOL_CONVERSION = YES;
				CLANG_WARN_CONSTANT_CONVERSION = YES;
				CLANG_WARN_DIRECT_OBJC_ISA_USAGE = YES_ERROR;
				CLANG_WARN_EMPTY_BODY = YES;
				CLANG_WARN_ENUM_CONVERSION = YES;
				CLANG_WARN_INT_CONVERSION = YES;
				CLANG_WARN_OBJC_ROOT_CLASS = YES_ERROR;
				CLANG_WARN_UNREACHABLE_CODE = YES;
				CLANG_WARN__DUPLICATE_METHOD_MATCH = YES;
				"CODE_SIGN_IDENTITY[sdk=iphoneos*]" = "iPhone Developer";
				COPY_PHASE_STRIP = NO;
				DEBUG_INFORMATION_FORMAT = "dwarf-with-dsym";
				ENABLE_NS_ASSERTIONS = NO;
				ENABLE_STRICT_OBJC_MSGSEND = YES;
				GCC_C_LANGUAGE_STANDARD = gnu99;
				GCC_NO_COMMON_BLOCKS = YES;
				GCC_WARN_64_TO_32_BIT_CONVERSION = YES;
				GCC_WARN_ABOUT_RETURN_TYPE = YES_ERROR;
				GCC_WARN_UNDECLARED_SELECTOR = YES;
				GCC_WARN_UNINITIALIZED_AUTOS = YES_AGGRESSIVE;
				GCC_WARN_UNUSED_FUNCTION = YES;
				GCC_WARN_UNUSED_VARIABLE = YES;
				IPHONEOS_DEPLOYMENT_TARGET = 9.0;
				MTL_ENABLE_DEBUG_INFO = NO;
				SDKROOT = iphoneos;
				TARGETED_DEVICE_FAMILY = "1,2";
				VALIDATE_PRODUCT = YES;
			};
			name = Release;
		};
		E9D8FB671B8B5CAB005419D7 /* Debug */ = {
			isa = XCBuildConfiguration;
			buildSettings = {
				ASSETCATALOG_COMPILER_APPICON_NAME = AppIcon;
				INFOPLIST_FILE = ExerciseSwift/Info.plist;
				LD_RUNPATH_SEARCH_PATHS = "$(inherited) @executable_path/Frameworks";
				PRODUCT_BUNDLE_IDENTIFIER = com.thomas.ExerciseSwift;
				PRODUCT_NAME = "$(TARGET_NAME)";
			};
			name = Debug;
		};
		E9D8FB681B8B5CAB005419D7 /* Release */ = {
			isa = XCBuildConfiguration;
			buildSettings = {
				ASSETCATALOG_COMPILER_APPICON_NAME = AppIcon;
				INFOPLIST_FILE = ExerciseSwift/Info.plist;
				LD_RUNPATH_SEARCH_PATHS = "$(inherited) @executable_path/Frameworks";
				PRODUCT_BUNDLE_IDENTIFIER = com.thomas.ExerciseSwift;
				PRODUCT_NAME = "$(TARGET_NAME)";
			};
			name = Release;
		};
		E9D8FB6A1B8B5CAB005419D7 /* Debug */ = {
			isa = XCBuildConfiguration;
			buildSettings = {
				BUNDLE_LOADER = "$(TEST_HOST)";
				INFOPLIST_FILE = ExerciseSwiftTests/Info.plist;
				LD_RUNPATH_SEARCH_PATHS = "$(inherited) @executable_path/Frameworks @loader_path/Frameworks";
				PRODUCT_BUNDLE_IDENTIFIER = com.thomas.ExerciseSwiftTests;
				PRODUCT_NAME = "$(TARGET_NAME)";
				TEST_HOST = "$(BUILT_PRODUCTS_DIR)/ExerciseSwift.app/ExerciseSwift";
			};
			name = Debug;
		};
		E9D8FB6B1B8B5CAB005419D7 /* Release */ = {
			isa = XCBuildConfiguration;
			buildSettings = {
				BUNDLE_LOADER = "$(TEST_HOST)";
				INFOPLIST_FILE = ExerciseSwiftTests/Info.plist;
				LD_RUNPATH_SEARCH_PATHS = "$(inherited) @executable_path/Frameworks @loader_path/Frameworks";
				PRODUCT_BUNDLE_IDENTIFIER = com.thomas.ExerciseSwiftTests;
				PRODUCT_NAME = "$(TARGET_NAME)";
				TEST_HOST = "$(BUILT_PRODUCTS_DIR)/ExerciseSwift.app/ExerciseSwift";
			};
			name = Release;
		};
		E9D8FB6D1B8B5CAB005419D7 /* Debug */ = {
			isa = XCBuildConfiguration;
			buildSettings = {
				INFOPLIST_FILE = ExerciseSwiftUITests/Info.plist;
				LD_RUNPATH_SEARCH_PATHS = "$(inherited) @executable_path/Frameworks @loader_path/Frameworks";
				PRODUCT_BUNDLE_IDENTIFIER = com.thomas.ExerciseSwiftUITests;
				PRODUCT_NAME = "$(TARGET_NAME)";
				TEST_TARGET_NAME = ExerciseSwift;
				USES_XCTRUNNER = YES;
			};
			name = Debug;
		};
		E9D8FB6E1B8B5CAB005419D7 /* Release */ = {
			isa = XCBuildConfiguration;
			buildSettings = {
				INFOPLIST_FILE = ExerciseSwiftUITests/Info.plist;
				LD_RUNPATH_SEARCH_PATHS = "$(inherited) @executable_path/Frameworks @loader_path/Frameworks";
				PRODUCT_BUNDLE_IDENTIFIER = com.thomas.ExerciseSwiftUITests;
				PRODUCT_NAME = "$(TARGET_NAME)";
				TEST_TARGET_NAME = ExerciseSwift;
				USES_XCTRUNNER = YES;
			};
			name = Release;
		};
/* End XCBuildConfiguration section */

/* Begin XCConfigurationList section */
		E9D8FB361B8B5CAB005419D7 /* Build configuration list for PBXProject "ExerciseSwift" */ = {
			isa = XCConfigurationList;
			buildConfigurations = (
				E9D8FB641B8B5CAB005419D7 /* Debug */,
				E9D8FB651B8B5CAB005419D7 /* Release */,
			);
			defaultConfigurationIsVisible = 0;
			defaultConfigurationName = Release;
		};
		E9D8FB661B8B5CAB005419D7 /* Build configuration list for PBXNativeTarget "ExerciseSwift" */ = {
			isa = XCConfigurationList;
			buildConfigurations = (
				E9D8FB671B8B5CAB005419D7 /* Debug */,
				E9D8FB681B8B5CAB005419D7 /* Release */,
			);
			defaultConfigurationIsVisible = 0;
		};
		E9D8FB691B8B5CAB005419D7 /* Build configuration list for PBXNativeTarget "ExerciseSwiftTests" */ = {
			isa = XCConfigurationList;
			buildConfigurations = (
				E9D8FB6A1B8B5CAB005419D7 /* Debug */,
				E9D8FB6B1B8B5CAB005419D7 /* Release */,
			);
			defaultConfigurationIsVisible = 0;
		};
		E9D8FB6C1B8B5CAB005419D7 /* Build configuration list for PBXNativeTarget "ExerciseSwiftUITests" */ = {
			isa = XCConfigurationList;
			buildConfigurations = (
				E9D8FB6D1B8B5CAB005419D7 /* Debug */,
				E9D8FB6E1B8B5CAB005419D7 /* Release */,
			);
			defaultConfigurationIsVisible = 0;
		};
/* End XCConfigurationList section */

/* Begin XCVersionGroup section */
		E9D8FB451B8B5CAB005419D7 /* ExerciseSwift.xcdatamodeld */ = {
			isa = XCVersionGroup;
			children = (
				E9D8FB461B8B5CAB005419D7 /* ExerciseSwift.xcdatamodel */,
			);
			currentVersion = E9D8FB461B8B5CAB005419D7 /* ExerciseSwift.xcdatamodel */;
			path = ExerciseSwift.xcdatamodeld;
			sourceTree = "<group>";
			versionGroupType = wrapper.xcdatamodel;
		};
/* End XCVersionGroup section */
	};
	rootObject = E9D8FB331B8B5CAB005419D7 /* Project object */;
}
